
Microsoft Visual Studio Solution File, Format Version 12.00
# Visual Studio Version 17
VisualStudioVersion = 17.7.34031.279
MinimumVisualStudioVersion = 10.0.40219.1
Project("{9A19103F-16F7-4668-BE54-9A1E7A4F7556}") = "MatrixCalculations", "MatrixCalculations\MatrixCalculations.csproj", "{57F4A106-4865-4FD0-90B3-A500D65AA8CD}"
EndProject
Project("{9A19103F-16F7-4668-BE54-9A1E7A4F7556}") = "Lists", "Lists\Lists.csproj", "{43FB75FA-5429-4213-9479-4EF12CC99B23}"
EndProject
Project("{9A19103F-16F7-4668-BE54-9A1E7A4F7556}") = "NumeralSystem", "NumeralSystem\NumeralSystem.csproj", "{975EAF86-A7A2-44D7-8EEF-2A52D19CFFFB}"
EndProject
Project("{FAE04EC0-301F-11D3-BF4B-00C04F79EFBC}") = "CombinatoricsOperations", "CombinatoricsOperations\CombinatoricsOperations.csproj", "{49FEFD05-577D-4439-8435-3165CBE6413F}"
EndProject
Global
	GlobalSection(SolutionConfigurationPlatforms) = preSolution
		Debug|Any CPU = Debug|Any CPU
		Release|Any CPU = Release|Any CPU
	EndGlobalSection
	GlobalSection(ProjectConfigurationPlatforms) = postSolution
		{57F4A106-4865-4FD0-90B3-A500D65AA8CD}.Debug|Any CPU.ActiveCfg = Debug|Any CPU
		{57F4A106-4865-4FD0-90B3-A500D65AA8CD}.Debug|Any CPU.Build.0 = Debug|Any CPU
		{57F4A106-4865-4FD0-90B3-A500D65AA8CD}.Release|Any CPU.ActiveCfg = Release|Any CPU
		{57F4A106-4865-4FD0-90B3-A500D65AA8CD}.Release|Any CPU.Build.0 = Release|Any CPU
		{43FB75FA-5429-4213-9479-4EF12CC99B23}.Debug|Any CPU.ActiveCfg = Debug|Any CPU
		{43FB75FA-5429-4213-9479-4EF12CC99B23}.Debug|Any CPU.Build.0 = Debug|Any CPU
		{43FB75FA-5429-4213-9479-4EF12CC99B23}.Release|Any CPU.ActiveCfg = Release|Any CPU
		{43FB75FA-5429-4213-9479-4EF12CC99B23}.Release|Any CPU.Build.0 = Release|Any CPU
		{975EAF86-A7A2-44D7-8EEF-2A52D19CFFFB}.Debug|Any CPU.ActiveCfg = Debug|Any CPU
		{975EAF86-A7A2-44D7-8EEF-2A52D19CFFFB}.Debug|Any CPU.Build.0 = Debug|Any CPU
		{975EAF86-A7A2-44D7-8EEF-2A52D19CFFFB}.Release|Any CPU.ActiveCfg = Release|Any CPU
		{975EAF86-A7A2-44D7-8EEF-2A52D19CFFFB}.Release|Any CPU.Build.0 = Release|Any CPU
		{49FEFD05-577D-4439-8435-3165CBE6413F}.Debug|Any CPU.ActiveCfg = Debug|Any CPU
		{49FEFD05-577D-4439-8435-3165CBE6413F}.Debug|Any CPU.Build.0 = Debug|Any CPU
		{49FEFD05-577D-4439-8435-3165CBE6413F}.Release|Any CPU.ActiveCfg = Release|Any CPU
		{49FEFD05-577D-4439-8435-3165CBE6413F}.Release|Any CPU.Build.0 = Release|Any CPU
	EndGlobalSection
	GlobalSection(SolutionProperties) = preSolution
		HideSolutionNode = FALSE
	EndGlobalSection
	GlobalSection(ExtensibilityGlobals) = postSolution
		SolutionGuid = {1CD1ABC7-C9F9-494A-B0A7-96E249A13F11}
	EndGlobalSection
EndGlobal
